
Microsoft Visual Studio Solution File, Format Version 12.00
# Visual Studio 15
VisualStudioVersion = 15.0.26730.0
MinimumVisualStudioVersion = 10.0.40219.1
Project("{9A19103F-16F7-4668-BE54-9A1E7A4F7556}") = "AA", "AA.csproj", "{FAE3B618-5397-46E8-A65E-EA2667BD9020}"
EndProject
Global
	GlobalSection(SolutionConfigurationPlatforms) = preSolution
		Debug|Any CPU = Debug|Any CPU
		Release|Any CPU = Release|Any CPU
	EndGlobalSection
	GlobalSection(ProjectConfigurationPlatforms) = postSolution
		{FAE3B618-5397-46E8-A65E-EA2667BD9020}.Debug|Any CPU.ActiveCfg = Debug|Any CPU
		{FAE3B618-5397-46E8-A65E-EA2667BD9020}.Debug|Any CPU.Build.0 = Debug|Any CPU
		{FAE3B618-5397-46E8-A65E-EA2667BD9020}.Release|Any CPU.ActiveCfg = Release|Any CPU
		{FAE3B618-5397-46E8-A65E-EA2667BD9020}.Release|Any CPU.Build.0 = Release|Any CPU
	EndGlobalSection
	GlobalSection(SolutionProperties) = preSolution
		HideSolutionNode = FALSE
	EndGlobalSection
	GlobalSection(ExtensibilityGlobals) = postSolution
		SolutionGuid = {EEC1E318-03E4-41A0-AFA4-E01F2A2E6914}
	EndGlobalSection
EndGlobal
